
Microsoft Visual Studio Solution File, Format Version 12.00
# Visual Studio Version 17
VisualStudioVersion = 17.5.2.0
MinimumVisualStudioVersion = 10.0.40219.1
Project("{FAE04EC0-301F-11D3-BF4B-00C04F79EFBC}") = "Tippspiel-App", "Tippspiel-App.csproj", "{D1E8E946-E405-4BEE-C34F-A8C12ADBB3DD}"
EndProject
Project("{2150E333-8FDC-42A3-9474-1A3956D46DE8}") = "src", "src", "{827E0CD3-B72D-47B6-A68D-7590B98EB39B}"
EndProject
Project("{FAE04EC0-301F-11D3-BF4B-00C04F79EFBC}") = "Tippspiel-App", "src\Tippspiel-App.csproj", "{8D47E718-92D9-47CA-8552-169E77149077}"
EndProject
Global
	GlobalSection(SolutionConfigurationPlatforms) = preSolution
		Debug|Any CPU = Debug|Any CPU
		Debug|x64 = Debug|x64
		Debug|x86 = Debug|x86
		Release|Any CPU = Release|Any CPU
		Release|x64 = Release|x64
		Release|x86 = Release|x86
	EndGlobalSection
	GlobalSection(ProjectConfigurationPlatforms) = postSolution
		{D1E8E946-E405-4BEE-C34F-A8C12ADBB3DD}.Debug|Any CPU.ActiveCfg = Debug|Any CPU
		{D1E8E946-E405-4BEE-C34F-A8C12ADBB3DD}.Debug|Any CPU.Build.0 = Debug|Any CPU
		{D1E8E946-E405-4BEE-C34F-A8C12ADBB3DD}.Debug|x64.ActiveCfg = Debug|Any CPU
		{D1E8E946-E405-4BEE-C34F-A8C12ADBB3DD}.Debug|x64.Build.0 = Debug|Any CPU
		{D1E8E946-E405-4BEE-C34F-A8C12ADBB3DD}.Debug|x86.ActiveCfg = Debug|Any CPU
		{D1E8E946-E405-4BEE-C34F-A8C12ADBB3DD}.Debug|x86.Build.0 = Debug|Any CPU
		{D1E8E946-E405-4BEE-C34F-A8C12ADBB3DD}.Release|Any CPU.ActiveCfg = Release|Any CPU
		{D1E8E946-E405-4BEE-C34F-A8C12ADBB3DD}.Release|Any CPU.Build.0 = Release|Any CPU
		{D1E8E946-E405-4BEE-C34F-A8C12ADBB3DD}.Release|x64.ActiveCfg = Release|Any CPU
		{D1E8E946-E405-4BEE-C34F-A8C12ADBB3DD}.Release|x64.Build.0 = Release|Any CPU
		{D1E8E946-E405-4BEE-C34F-A8C12ADBB3DD}.Release|x86.ActiveCfg = Release|Any CPU
		{D1E8E946-E405-4BEE-C34F-A8C12ADBB3DD}.Release|x86.Build.0 = Release|Any CPU
		{8D47E718-92D9-47CA-8552-169E77149077}.Debug|Any CPU.ActiveCfg = Debug|Any CPU
		{8D47E718-92D9-47CA-8552-169E77149077}.Debug|Any CPU.Build.0 = Debug|Any CPU
		{8D47E718-92D9-47CA-8552-169E77149077}.Debug|x64.ActiveCfg = Debug|Any CPU
		{8D47E718-92D9-47CA-8552-169E77149077}.Debug|x64.Build.0 = Debug|Any CPU
		{8D47E718-92D9-47CA-8552-169E77149077}.Debug|x86.ActiveCfg = Debug|Any CPU
		{8D47E718-92D9-47CA-8552-169E77149077}.Debug|x86.Build.0 = Debug|Any CPU
		{8D47E718-92D9-47CA-8552-169E77149077}.Release|Any CPU.ActiveCfg = Release|Any CPU
		{8D47E718-92D9-47CA-8552-169E77149077}.Release|Any CPU.Build.0 = Release|Any CPU
		{8D47E718-92D9-47CA-8552-169E77149077}.Release|x64.ActiveCfg = Release|Any CPU
		{8D47E718-92D9-47CA-8552-169E77149077}.Release|x64.Build.0 = Release|Any CPU
		{8D47E718-92D9-47CA-8552-169E77149077}.Release|x86.ActiveCfg = Release|Any CPU
		{8D47E718-92D9-47CA-8552-169E77149077}.Release|x86.Build.0 = Release|Any CPU
	EndGlobalSection
	GlobalSection(SolutionProperties) = preSolution
		HideSolutionNode = FALSE
	EndGlobalSection
	GlobalSection(NestedProjects) = preSolution
		{8D47E718-92D9-47CA-8552-169E77149077} = {827E0CD3-B72D-47B6-A68D-7590B98EB39B}
	EndGlobalSection
	GlobalSection(ExtensibilityGlobals) = postSolution
		SolutionGuid = {B531901F-CA42-43ED-9B5B-46133D5374D7}
	EndGlobalSection
EndGlobal
